
Microsoft Visual Studio Solution File, Format Version 12.00
# Visual Studio Version 17
VisualStudioVersion = 17.6.33801.468
MinimumVisualStudioVersion = 10.0.40219.1
Project("{FAE04EC0-301F-11D3-BF4B-00C04F79EFBC}") = "點餐", "點餐\點餐.csproj", "{9835D7CE-3E55-4774-AE16-E139FC4F40CA}"
EndProject
Global
	GlobalSection(SolutionConfigurationPlatforms) = preSolution
		Debug|Any CPU = Debug|Any CPU
		Release|Any CPU = Release|Any CPU
	EndGlobalSection
	GlobalSection(ProjectConfigurationPlatforms) = postSolution
		{9835D7CE-3E55-4774-AE16-E139FC4F40CA}.Debug|Any CPU.ActiveCfg = Debug|Any CPU
		{9835D7CE-3E55-4774-AE16-E139FC4F40CA}.Debug|Any CPU.Build.0 = Debug|Any CPU
		{9835D7CE-3E55-4774-AE16-E139FC4F40CA}.Release|Any CPU.ActiveCfg = Release|Any CPU
		{9835D7CE-3E55-4774-AE16-E139FC4F40CA}.Release|Any CPU.Build.0 = Release|Any CPU
	EndGlobalSection
	GlobalSection(SolutionProperties) = preSolution
		HideSolutionNode = FALSE
	EndGlobalSection
	GlobalSection(ExtensibilityGlobals) = postSolution
		SolutionGuid = {C9E6B256-3C3E-47CF-937C-F7028FA2C3A1}
	EndGlobalSection
EndGlobal
